// !$*UTF8*$!
{
	archiveVersion = 1;
	classes = {
	};
	objectVersion = 56;
	objects = {

/* Begin PBXBuildFile section */
		8BB96C522C7FCA6300F71A25 /* FetchChallengeApp.swift in Sources */ = {isa = PBXBuildFile; fileRef = 8BB96C512C7FCA6300F71A25 /* FetchChallengeApp.swift */; };
		8BB96C542C7FCA6300F71A25 /* MealView.swift in Sources */ = {isa = PBXBuildFile; fileRef = 8BB96C532C7FCA6300F71A25 /* MealView.swift */; };
		8BB96C562C7FCA6500F71A25 /* Assets.xcassets in Resources */ = {isa = PBXBuildFile; fileRef = 8BB96C552C7FCA6500F71A25 /* Assets.xcassets */; };
		8BB96C592C7FCA6500F71A25 /* Preview Assets.xcassets in Resources */ = {isa = PBXBuildFile; fileRef = 8BB96C582C7FCA6500F71A25 /* Preview Assets.xcassets */; };
		8BB96C602C7FCA9F00F71A25 /* Meal.swift in Sources */ = {isa = PBXBuildFile; fileRef = 8BB96C5F2C7FCA9F00F71A25 /* Meal.swift */; };
		8BC1B8E02C7FFFF7009CDBD2 /* MealService.swift in Sources */ = {isa = PBXBuildFile; fileRef = 8BC1B8DF2C7FFFF7009CDBD2 /* MealService.swift */; };
		8BC1B8E32C801E6F009CDBD2 /* MealViewModel.swift in Sources */ = {isa = PBXBuildFile; fileRef = 8BC1B8E22C801E6F009CDBD2 /* MealViewModel.swift */; };
		8BC1B8E52C802663009CDBD2 /* MealDetails.swift in Sources */ = {isa = PBXBuildFile; fileRef = 8BC1B8E42C802663009CDBD2 /* MealDetails.swift */; };
		8BC1B8E72C80270E009CDBD2 /* MealDetailsService.swift in Sources */ = {isa = PBXBuildFile; fileRef = 8BC1B8E62C80270E009CDBD2 /* MealDetailsService.swift */; };
		8BC1B8E92C80276B009CDBD2 /* MealDetailsView.swift in Sources */ = {isa = PBXBuildFile; fileRef = 8BC1B8E82C80276B009CDBD2 /* MealDetailsView.swift */; };
		8BC1B8EB2C80288A009CDBD2 /* MealDetailsViewModel.swift in Sources */ = {isa = PBXBuildFile; fileRef = 8BC1B8EA2C80288A009CDBD2 /* MealDetailsViewModel.swift */; };
/* End PBXBuildFile section */

/* Begin PBXFileReference section */
		8BB96C4E2C7FCA6300F71A25 /* FetchChallenge.app */ = {isa = PBXFileReference; explicitFileType = wrapper.application; includeInIndex = 0; path = FetchChallenge.app; sourceTree = BUILT_PRODUCTS_DIR; };
		8BB96C512C7FCA6300F71A25 /* FetchChallengeApp.swift */ = {isa = PBXFileReference; lastKnownFileType = sourcecode.swift; path = FetchChallengeApp.swift; sourceTree = "<group>"; };
		8BB96C532C7FCA6300F71A25 /* MealView.swift */ = {isa = PBXFileReference; lastKnownFileType = sourcecode.swift; path = MealView.swift; sourceTree = "<group>"; };
		8BB96C552C7FCA6500F71A25 /* Assets.xcassets */ = {isa = PBXFileReference; lastKnownFileType = folder.assetcatalog; path = Assets.xcassets; sourceTree = "<group>"; };
		8BB96C582C7FCA6500F71A25 /* Preview Assets.xcassets */ = {isa = PBXFileReference; lastKnownFileType = folder.assetcatalog; path = "Preview Assets.xcassets"; sourceTree = "<group>"; };
		8BB96C5F2C7FCA9F00F71A25 /* Meal.swift */ = {isa = PBXFileReference; fileEncoding = 4; lastKnownFileType = sourcecode.swift; path = Meal.swift; sourceTree = "<group>"; };
		8BC1B8DF2C7FFFF7009CDBD2 /* MealService.swift */ = {isa = PBXFileReference; lastKnownFileType = sourcecode.swift; path = MealService.swift; sourceTree = "<group>"; };
		8BC1B8E22C801E6F009CDBD2 /* MealViewModel.swift */ = {isa = PBXFileReference; lastKnownFileType = sourcecode.swift; name = MealViewModel.swift; path = ViewModel/MealViewModel.swift; sourceTree = "<group>"; };
		8BC1B8E42C802663009CDBD2 /* MealDetails.swift */ = {isa = PBXFileReference; lastKnownFileType = sourcecode.swift; path = MealDetails.swift; sourceTree = "<group>"; };
		8BC1B8E62C80270E009CDBD2 /* MealDetailsService.swift */ = {isa = PBXFileReference; lastKnownFileType = sourcecode.swift; path = MealDetailsService.swift; sourceTree = "<group>"; };
		8BC1B8E82C80276B009CDBD2 /* MealDetailsView.swift */ = {isa = PBXFileReference; lastKnownFileType = sourcecode.swift; path = MealDetailsView.swift; sourceTree = "<group>"; };
		8BC1B8EA2C80288A009CDBD2 /* MealDetailsViewModel.swift */ = {isa = PBXFileReference; lastKnownFileType = sourcecode.swift; name = MealDetailsViewModel.swift; path = ViewModel/MealDetailsViewModel.swift; sourceTree = "<group>"; };
/* End PBXFileReference section */

/* Begin PBXFrameworksBuildPhase section */
		8BB96C4B2C7FCA6300F71A25 /* Frameworks */ = {
			isa = PBXFrameworksBuildPhase;
			buildActionMask = 2147483647;
			files = (
			);
			runOnlyForDeploymentPostprocessing = 0;
		};
/* End PBXFrameworksBuildPhase section */

/* Begin PBXGroup section */
		8BB96C452C7FCA6300F71A25 = {
			isa = PBXGroup;
			children = (
				8BB96C502C7FCA6300F71A25 /* FetchChallenge */,
				8BB96C4F2C7FCA6300F71A25 /* Products */,
			);
			sourceTree = "<group>";
		};
		8BB96C4F2C7FCA6300F71A25 /* Products */ = {
			isa = PBXGroup;
			children = (
				8BB96C4E2C7FCA6300F71A25 /* FetchChallenge.app */,
			);
			name = Products;
			sourceTree = "<group>";
		};
		8BB96C502C7FCA6300F71A25 /* FetchChallenge */ = {
			isa = PBXGroup;
			children = (
				8BC1B8DE2C7FFF93009CDBD2 /* Service */,
				8BC1B8DD2C7FFF50009CDBD2 /* Model */,
				8BC1B8DC2C7FFF25009CDBD2 /* View */,
				8BC1B8E12C801E31009CDBD2 /* ViewModel */,
				8BB96C512C7FCA6300F71A25 /* FetchChallengeApp.swift */,
				8BB96C552C7FCA6500F71A25 /* Assets.xcassets */,
				8BB96C572C7FCA6500F71A25 /* Preview Content */,
			);
			path = FetchChallenge;
			sourceTree = "<group>";
		};
		8BB96C572C7FCA6500F71A25 /* Preview Content */ = {
			isa = PBXGroup;
			children = (
				8BB96C582C7FCA6500F71A25 /* Preview Assets.xcassets */,
			);
			path = "Preview Content";
			sourceTree = "<group>";
		};
		8BC1B8DC2C7FFF25009CDBD2 /* View */ = {
			isa = PBXGroup;
			children = (
				8BB96C532C7FCA6300F71A25 /* MealView.swift */,
				8BC1B8E82C80276B009CDBD2 /* MealDetailsView.swift */,
			);
			path = View;
			sourceTree = "<group>";
		};
		8BC1B8DD2C7FFF50009CDBD2 /* Model */ = {
			isa = PBXGroup;
			children = (
				8BB96C5F2C7FCA9F00F71A25 /* Meal.swift */,
				8BC1B8E42C802663009CDBD2 /* MealDetails.swift */,
			);
			path = Model;
			sourceTree = "<group>";
		};
		8BC1B8DE2C7FFF93009CDBD2 /* Service */ = {
			isa = PBXGroup;
			children = (
				8BC1B8DF2C7FFFF7009CDBD2 /* MealService.swift */,
				8BC1B8E62C80270E009CDBD2 /* MealDetailsService.swift */,
			);
			path = Service;
			sourceTree = "<group>";
		};
		8BC1B8E12C801E31009CDBD2 /* ViewModel */ = {
			isa = PBXGroup;
			children = (
				8BC1B8E22C801E6F009CDBD2 /* MealViewModel.swift */,
				8BC1B8EA2C80288A009CDBD2 /* MealDetailsViewModel.swift */,
			);
			name = ViewModel;
			sourceTree = "<group>";
		};
/* End PBXGroup section */

/* Begin PBXNativeTarget section */
		8BB96C4D2C7FCA6300F71A25 /* FetchChallenge */ = {
			isa = PBXNativeTarget;
			buildConfigurationList = 8BB96C5C2C7FCA6500F71A25 /* Build configuration list for PBXNativeTarget "FetchChallenge" */;
			buildPhases = (
				8BB96C4A2C7FCA6300F71A25 /* Sources */,
				8BB96C4B2C7FCA6300F71A25 /* Frameworks */,
				8BB96C4C2C7FCA6300F71A25 /* Resources */,
			);
			buildRules = (
			);
			dependencies = (
			);
			name = FetchChallenge;
			productName = FetchChallenge;
			productReference = 8BB96C4E2C7FCA6300F71A25 /* FetchChallenge.app */;
			productType = "com.apple.product-type.application";
		};
/* End PBXNativeTarget section */

/* Begin PBXProject section */
		8BB96C462C7FCA6300F71A25 /* Project object */ = {
			isa = PBXProject;
			attributes = {
				BuildIndependentTargetsInParallel = 1;
				LastSwiftUpdateCheck = 1540;
				LastUpgradeCheck = 1540;
				TargetAttributes = {
					8BB96C4D2C7FCA6300F71A25 = {
						CreatedOnToolsVersion = 15.4;
					};
				};
			};
			buildConfigurationList = 8BB96C492C7FCA6300F71A25 /* Build configuration list for PBXProject "FetchChallenge" */;
			compatibilityVersion = "Xcode 14.0";
			developmentRegion = en;
			hasScannedForEncodings = 0;
			knownRegions = (
				en,
				Base,
			);
			mainGroup = 8BB96C452C7FCA6300F71A25;
			productRefGroup = 8BB96C4F2C7FCA6300F71A25 /* Products */;
			projectDirPath = "";
			projectRoot = "";
			targets = (
				8BB96C4D2C7FCA6300F71A25 /* FetchChallenge */,
			);
		};
/* End PBXProject section */

/* Begin PBXResourcesBuildPhase section */
		8BB96C4C2C7FCA6300F71A25 /* Resources */ = {
			isa = PBXResourcesBuildPhase;
			buildActionMask = 2147483647;
			files = (
				8BB96C592C7FCA6500F71A25 /* Preview Assets.xcassets in Resources */,
				8BB96C562C7FCA6500F71A25 /* Assets.xcassets in Resources */,
			);
			runOnlyForDeploymentPostprocessing = 0;
		};
/* End PBXResourcesBuildPhase section */

/* Begin PBXSourcesBuildPhase section */
		8BB96C4A2C7FCA6300F71A25 /* Sources */ = {
			isa = PBXSourcesBuildPhase;
			buildActionMask = 2147483647;
			files = (
				8BC1B8E92C80276B009CDBD2 /* MealDetailsView.swift in Sources */,
				8BC1B8E02C7FFFF7009CDBD2 /* MealService.swift in Sources */,
				8BC1B8E52C802663009CDBD2 /* MealDetails.swift in Sources */,
				8BC1B8E32C801E6F009CDBD2 /* MealViewModel.swift in Sources */,
				8BC1B8EB2C80288A009CDBD2 /* MealDetailsViewModel.swift in Sources */,
				8BB96C542C7FCA6300F71A25 /* MealView.swift in Sources */,
				8BB96C602C7FCA9F00F71A25 /* Meal.swift in Sources */,
				8BB96C522C7FCA6300F71A25 /* FetchChallengeApp.swift in Sources */,
				8BC1B8E72C80270E009CDBD2 /* MealDetailsService.swift in Sources */,
			);
			runOnlyForDeploymentPostprocessing = 0;
		};
/* End PBXSourcesBuildPhase section */

/* Begin XCBuildConfiguration section */
		8BB96C5A2C7FCA6500F71A25 /* Debug */ = {
			isa = XCBuildConfiguration;
			buildSettings = {
				ALWAYS_SEARCH_USER_PATHS = NO;
				ASSETCATALOG_COMPILER_GENERATE_SWIFT_ASSET_SYMBOL_EXTENSIONS = YES;
				CLANG_ANALYZER_NONNULL = YES;
				CLANG_ANALYZER_NUMBER_OBJECT_CONVERSION = YES_AGGRESSIVE;
				CLANG_CXX_LANGUAGE_STANDARD = "gnu++20";
				CLANG_ENABLE_MODULES = YES;
				CLANG_ENABLE_OBJC_ARC = YES;
				CLANG_ENABLE_OBJC_WEAK = YES;
				CLANG_WARN_BLOCK_CAPTURE_AUTORELEASING = YES;
				CLANG_WARN_BOOL_CONVERSION = YES;
				CLANG_WARN_COMMA = YES;
				CLANG_WARN_CONSTANT_CONVERSION = YES;
				CLANG_WARN_DEPRECATED_OBJC_IMPLEMENTATIONS = YES;
				CLANG_WARN_DIRECT_OBJC_ISA_USAGE = YES_ERROR;
				CLANG_WARN_DOCUMENTATION_COMMENTS = YES;
				CLANG_WARN_EMPTY_BODY = YES;
				CLANG_WARN_ENUM_CONVERSION = YES;
				CLANG_WARN_INFINITE_RECURSION = YES;
				CLANG_WARN_INT_CONVERSION = YES;
				CLANG_WARN_NON_LITERAL_NULL_CONVERSION = YES;
				CLANG_WARN_OBJC_IMPLICIT_RETAIN_SELF = YES;
				CLANG_WARN_OBJC_LITERAL_CONVERSION = YES;
				CLANG_WARN_OBJC_ROOT_CLASS = YES_ERROR;
				CLANG_WARN_QUOTED_INCLUDE_IN_FRAMEWORK_HEADER = YES;
				CLANG_WARN_RANGE_LOOP_ANALYSIS = YES;
				CLANG_WARN_STRICT_PROTOTYPES = YES;
				CLANG_WARN_SUSPICIOUS_MOVE = YES;
				CLANG_WARN_UNGUARDED_AVAILABILITY = YES_AGGRESSIVE;
				CLANG_WARN_UNREACHABLE_CODE = YES;
				CLANG_WARN__DUPLICATE_METHOD_MATCH = YES;
				COPY_PHASE_STRIP = NO;
				DEBUG_INFORMATION_FORMAT = dwarf;
				ENABLE_STRICT_OBJC_MSGSEND = YES;
				ENABLE_TESTABILITY = YES;
				ENABLE_USER_SCRIPT_SANDBOXING = YES;
				GCC_C_LANGUAGE_STANDARD = gnu17;
				GCC_DYNAMIC_NO_PIC = NO;
				GCC_NO_COMMON_BLOCKS = YES;
				GCC_OPTIMIZATION_LEVEL = 0;
				GCC_PREPROCESSOR_DEFINITIONS = (
					"DEBUG=1",
					"$(inherited)",
				);
				GCC_WARN_64_TO_32_BIT_CONVERSION = YES;
				GCC_WARN_ABOUT_RETURN_TYPE = YES_ERROR;
				GCC_WARN_UNDECLARED_SELECTOR = YES;
				GCC_WARN_UNINITIALIZED_AUTOS = YES_AGGRESSIVE;
				GCC_WARN_UNUSED_FUNCTION = YES;
				GCC_WARN_UNUSED_VARIABLE = YES;
				IPHONEOS_DEPLOYMENT_TARGET = 17.5;
				LOCALIZATION_PREFERS_STRING_CATALOGS = YES;
				MTL_ENABLE_DEBUG_INFO = INCLUDE_SOURCE;
				MTL_FAST_MATH = YES;
				ONLY_ACTIVE_ARCH = YES;
				SDKROOT = iphoneos;
				SWIFT_ACTIVE_COMPILATION_CONDITIONS = "DEBUG $(inherited)";
				SWIFT_OPTIMIZATION_LEVEL = "-Onone";
			};
			name = Debug;
		};
		8BB96C5B2C7FCA6500F71A25 /* Release */ = {
			isa = XCBuildConfiguration;
			buildSettings = {
				ALWAYS_SEARCH_USER_PATHS = NO;
				ASSETCATALOG_COMPILER_GENERATE_SWIFT_ASSET_SYMBOL_EXTENSIONS = YES;
				CLANG_ANALYZER_NONNULL = YES;
				CLANG_ANALYZER_NUMBER_OBJECT_CONVERSION = YES_AGGRESSIVE;
				CLANG_CXX_LANGUAGE_STANDARD = "gnu++20";
				CLANG_ENABLE_MODULES = YES;
				CLANG_ENABLE_OBJC_ARC = YES;
				CLANG_ENABLE_OBJC_WEAK = YES;
				CLANG_WARN_BLOCK_CAPTURE_AUTORELEASING = YES;
				CLANG_WARN_BOOL_CONVERSION = YES;
				CLANG_WARN_COMMA = YES;
				CLANG_WARN_CONSTANT_CONVERSION = YES;
				CLANG_WARN_DEPRECATED_OBJC_IMPLEMENTATIONS = YES;
				CLANG_WARN_DIRECT_OBJC_ISA_USAGE = YES_ERROR;
				CLANG_WARN_DOCUMENTATION_COMMENTS = YES;
				CLANG_WARN_EMPTY_BODY = YES;
				CLANG_WARN_ENUM_CONVERSION = YES;
				CLANG_WARN_INFINITE_RECURSION = YES;
				CLANG_WARN_INT_CONVERSION = YES;
				CLANG_WARN_NON_LITERAL_NULL_CONVERSION = YES;
				CLANG_WARN_OBJC_IMPLICIT_RETAIN_SELF = YES;
				CLANG_WARN_OBJC_LITERAL_CONVERSION = YES;
				CLANG_WARN_OBJC_ROOT_CLASS = YES_ERROR;
				CLANG_WARN_QUOTED_INCLUDE_IN_FRAMEWORK_HEADER = YES;
				CLANG_WARN_RANGE_LOOP_ANALYSIS = YES;
				CLANG_WARN_STRICT_PROTOTYPES = YES;
				CLANG_WARN_SUSPICIOUS_MOVE = YES;
				CLANG_WARN_UNGUARDED_AVAILABILITY = YES_AGGRESSIVE;
				CLANG_WARN_UNREACHABLE_CODE = YES;
				CLANG_WARN__DUPLICATE_METHOD_MATCH = YES;
				COPY_PHASE_STRIP = NO;
				DEBUG_INFORMATION_FORMAT = "dwarf-with-dsym";
				ENABLE_NS_ASSERTIONS = NO;
				ENABLE_STRICT_OBJC_MSGSEND = YES;
				ENABLE_USER_SCRIPT_SANDBOXING = YES;
				GCC_C_LANGUAGE_STANDARD = gnu17;
				GCC_NO_COMMON_BLOCKS = YES;
				GCC_WARN_64_TO_32_BIT_CONVERSION = YES;
				GCC_WARN_ABOUT_RETURN_TYPE = YES_ERROR;
				GCC_WARN_UNDECLARED_SELECTOR = YES;
				GCC_WARN_UNINITIALIZED_AUTOS = YES_AGGRESSIVE;
				GCC_WARN_UNUSED_FUNCTION = YES;
				GCC_WARN_UNUSED_VARIABLE = YES;
				IPHONEOS_DEPLOYMENT_TARGET = 17.5;
				LOCALIZATION_PREFERS_STRING_CATALOGS = YES;
				MTL_ENABLE_DEBUG_INFO = NO;
				MTL_FAST_MATH = YES;
				SDKROOT = iphoneos;
				SWIFT_COMPILATION_MODE = wholemodule;
				VALIDATE_PRODUCT = YES;
			};
			name = Release;
		};
		8BB96C5D2C7FCA6500F71A25 /* Debug */ = {
			isa = XCBuildConfiguration;
			buildSettings = {
				ASSETCATALOG_COMPILER_APPICON_NAME = AppIcon;
				ASSETCATALOG_COMPILER_GLOBAL_ACCENT_COLOR_NAME = AccentColor;
				CODE_SIGN_STYLE = Automatic;
				CURRENT_PROJECT_VERSION = 1;
				DEVELOPMENT_ASSET_PATHS = "\"FetchChallenge/Preview Content\"";
				DEVELOPMENT_TEAM = M42A89ZPU9;
				ENABLE_PREVIEWS = YES;
				GENERATE_INFOPLIST_FILE = YES;
				INFOPLIST_KEY_UIApplicationSceneManifest_Generation = YES;
				INFOPLIST_KEY_UIApplicationSupportsIndirectInputEvents = YES;
				INFOPLIST_KEY_UILaunchScreen_Generation = YES;
				INFOPLIST_KEY_UISupportedInterfaceOrientations_iPad = "UIInterfaceOrientationPortrait UIInterfaceOrientationPortraitUpsideDown UIInterfaceOrientationLandscapeLeft UIInterfaceOrientationLandscapeRight";
				INFOPLIST_KEY_UISupportedInterfaceOrientations_iPhone = "UIInterfaceOrientationPortrait UIInterfaceOrientationLandscapeLeft UIInterfaceOrientationLandscapeRight";
				IPHONEOS_DEPLOYMENT_TARGET = 16.1;
				LD_RUNPATH_SEARCH_PATHS = (
					"$(inherited)",
					"@executable_path/Frameworks",
				);
				MARKETING_VERSION = 1.0;
				PRODUCT_BUNDLE_IDENTIFIER = com.cioletti.FetchChallenge;
				PRODUCT_NAME = "$(TARGET_NAME)";
				SWIFT_EMIT_LOC_STRINGS = YES;
				SWIFT_VERSION = 5.0;
				TARGETED_DEVICE_FAMILY = "1,2";
			};
			name = Debug;
		};
		8BB96C5E2C7FCA6500F71A25 /* Release */ = {
			isa = XCBuildConfiguration;
			buildSettings = {
				ASSETCATALOG_COMPILER_APPICON_NAME = AppIcon;
				ASSETCATALOG_COMPILER_GLOBAL_ACCENT_COLOR_NAME = AccentColor;
				CODE_SIGN_STYLE = Automatic;
				CURRENT_PROJECT_VERSION = 1;
				DEVELOPMENT_ASSET_PATHS = "\"FetchChallenge/Preview Content\"";
				DEVELOPMENT_TEAM = M42A89ZPU9;
				ENABLE_PREVIEWS = YES;
				GENERATE_INFOPLIST_FILE = YES;
				INFOPLIST_KEY_UIApplicationSceneManifest_Generation = YES;
				INFOPLIST_KEY_UIApplicationSupportsIndirectInputEvents = YES;
				INFOPLIST_KEY_UILaunchScreen_Generation = YES;
				INFOPLIST_KEY_UISupportedInterfaceOrientations_iPad = "UIInterfaceOrientationPortrait UIInterfaceOrientationPortraitUpsideDown UIInterfaceOrientationLandscapeLeft UIInterfaceOrientationLandscapeRight";
				INFOPLIST_KEY_UISupportedInterfaceOrientations_iPhone = "UIInterfaceOrientationPortrait UIInterfaceOrientationLandscapeLeft UIInterfaceOrientationLandscapeRight";
				IPHONEOS_DEPLOYMENT_TARGET = 16.1;
				LD_RUNPATH_SEARCH_PATHS = (
					"$(inherited)",
					"@executable_path/Frameworks",
				);
				MARKETING_VERSION = 1.0;
				PRODUCT_BUNDLE_IDENTIFIER = com.cioletti.FetchChallenge;
				PRODUCT_NAME = "$(TARGET_NAME)";
				SWIFT_EMIT_LOC_STRINGS = YES;
				SWIFT_VERSION = 5.0;
				TARGETED_DEVICE_FAMILY = "1,2";
			};
			name = Release;
		};
/* End XCBuildConfiguration section */

/* Begin XCConfigurationList section */
		8BB96C492C7FCA6300F71A25 /* Build configuration list for PBXProject "FetchChallenge" */ = {
			isa = XCConfigurationList;
			buildConfigurations = (
				8BB96C5A2C7FCA6500F71A25 /* Debug */,
				8BB96C5B2C7FCA6500F71A25 /* Release */,
			);
			defaultConfigurationIsVisible = 0;
			defaultConfigurationName = Release;
		};
		8BB96C5C2C7FCA6500F71A25 /* Build configuration list for PBXNativeTarget "FetchChallenge" */ = {
			isa = XCConfigurationList;
			buildConfigurations = (
				8BB96C5D2C7FCA6500F71A25 /* Debug */,
				8BB96C5E2C7FCA6500F71A25 /* Release */,
			);
			defaultConfigurationIsVisible = 0;
			defaultConfigurationName = Release;
		};
/* End XCConfigurationList section */
	};
	rootObject = 8BB96C462C7FCA6300F71A25 /* Project object */;
}
